
Microsoft Visual Studio Solution File, Format Version 12.00
# Visual Studio Version 17
VisualStudioVersion = 17.5.002.0
MinimumVisualStudioVersion = 10.0.40219.1
Project("{9A19103F-16F7-4668-BE54-9A1E7A4F7556}") = "Parser", "Parser.csproj", "{ABA22B1B-F17D-480A-9BDA-F7534F073996}"
EndProject
Global
	GlobalSection(SolutionConfigurationPlatforms) = preSolution
		Debug|Any CPU = Debug|Any CPU
		Release|Any CPU = Release|Any CPU
	EndGlobalSection
	GlobalSection(ProjectConfigurationPlatforms) = postSolution
		{ABA22B1B-F17D-480A-9BDA-F7534F073996}.Debug|Any CPU.ActiveCfg = Debug|Any CPU
		{ABA22B1B-F17D-480A-9BDA-F7534F073996}.Debug|Any CPU.Build.0 = Debug|Any CPU
		{ABA22B1B-F17D-480A-9BDA-F7534F073996}.Release|Any CPU.ActiveCfg = Release|Any CPU
		{ABA22B1B-F17D-480A-9BDA-F7534F073996}.Release|Any CPU.Build.0 = Release|Any CPU
	EndGlobalSection
	GlobalSection(SolutionProperties) = preSolution
		HideSolutionNode = FALSE
	EndGlobalSection
	GlobalSection(ExtensibilityGlobals) = postSolution
		SolutionGuid = {AA65CB27-CA55-452A-9CC7-B3B2AA7655ED}
	EndGlobalSection
EndGlobal
